
Microsoft Visual Studio Solution File, Format Version 12.00
# Visual Studio Version 16
VisualStudioVersion = 16.0.31321.278
MinimumVisualStudioVersion = 10.0.40219.1
Project("{FAE04EC0-301F-11D3-BF4B-00C04F79EFBC}") = "FileStatistic", "FileStatistic\FileStatistic.csproj", "{22971F25-612D-475B-AF2B-1993BBB51458}"
EndProject
Global
	GlobalSection(SolutionConfigurationPlatforms) = preSolution
		Debug|Any CPU = Debug|Any CPU
		Release|Any CPU = Release|Any CPU
	EndGlobalSection
	GlobalSection(ProjectConfigurationPlatforms) = postSolution
		{22971F25-612D-475B-AF2B-1993BBB51458}.Debug|Any CPU.ActiveCfg = Debug|Any CPU
		{22971F25-612D-475B-AF2B-1993BBB51458}.Debug|Any CPU.Build.0 = Debug|Any CPU
		{22971F25-612D-475B-AF2B-1993BBB51458}.Release|Any CPU.ActiveCfg = Release|Any CPU
		{22971F25-612D-475B-AF2B-1993BBB51458}.Release|Any CPU.Build.0 = Release|Any CPU
	EndGlobalSection
	GlobalSection(SolutionProperties) = preSolution
		HideSolutionNode = FALSE
	EndGlobalSection
	GlobalSection(ExtensibilityGlobals) = postSolution
		SolutionGuid = {65B74C08-584E-4120-A01D-C0C2A4B17EF9}
	EndGlobalSection
EndGlobal
